// !$*UTF8*$!
{
	archiveVersion = 1;
	classes = {
	};
	objectVersion = 46;
	objects = {

/* Begin PBXBuildFile section */
		A0AA2DF91527CF25F42B3080 /* Pods_KeiserTony_Proof.framework in Frameworks */ = {isa = PBXBuildFile; fileRef = 682D8D6106C3F196F66906BC /* Pods_KeiserTony_Proof.framework */; };
		B016336C1D669E9C005C58A6 /* Pause.sks in Resources */ = {isa = PBXBuildFile; fileRef = B016336B1D669E9B005C58A6 /* Pause.sks */; };
		B020A0931D6FE15F0080BD14 /* MainMenu.swift in Sources */ = {isa = PBXBuildFile; fileRef = B020A0921D6FE15F0080BD14 /* MainMenu.swift */; };
		B0254A541D67BF9200251CF6 /* zombiedeath.atlasc in Resources */ = {isa = PBXBuildFile; fileRef = B0254A531D67BF9200251CF6 /* zombiedeath.atlasc */; };
		B0254A561D67F4C400251CF6 /* WinLoss.sks in Resources */ = {isa = PBXBuildFile; fileRef = B0254A551D67F4C400251CF6 /* WinLoss.sks */; };
		B06E6B8E1D6E8817002B0F74 /* MainMenu.sks in Resources */ = {isa = PBXBuildFile; fileRef = B06E6B8D1D6E8817002B0F74 /* MainMenu.sks */; };
		B06E6B901D6E8C7C002B0F74 /* Credits.sks in Resources */ = {isa = PBXBuildFile; fileRef = B06E6B8F1D6E8C7C002B0F74 /* Credits.sks */; };
		B06E6B921D6E8CB3002B0F74 /* Howto.sks in Resources */ = {isa = PBXBuildFile; fileRef = B06E6B911D6E8CB3002B0F74 /* Howto.sks */; };
		B06E6B941D6E8CE3002B0F74 /* Howto.swift in Sources */ = {isa = PBXBuildFile; fileRef = B06E6B931D6E8CE3002B0F74 /* Howto.swift */; };
		B06E6B961D6E8CFD002B0F74 /* Credits.swift in Sources */ = {isa = PBXBuildFile; fileRef = B06E6B951D6E8CFD002B0F74 /* Credits.swift */; };
		B08210EA1D5D16690021E7D0 /* pain.wav in Resources */ = {isa = PBXBuildFile; fileRef = B08210E91D5D16690021E7D0 /* pain.wav */; };
		B08210EC1D5D30100021E7D0 /* Bullet.sks in Resources */ = {isa = PBXBuildFile; fileRef = B08210EB1D5D30100021E7D0 /* Bullet.sks */; };
		B0D2BF041D51CF2B003E679F /* AppDelegate.swift in Sources */ = {isa = PBXBuildFile; fileRef = B0D2BF031D51CF2B003E679F /* AppDelegate.swift */; };
		B0D2BF061D51CF2C003E679F /* GameScene.sks in Resources */ = {isa = PBXBuildFile; fileRef = B0D2BF051D51CF2C003E679F /* GameScene.sks */; };
		B0D2BF081D51CF2C003E679F /* GameScene.swift in Sources */ = {isa = PBXBuildFile; fileRef = B0D2BF071D51CF2C003E679F /* GameScene.swift */; };
		B0D2BF0A1D51CF2C003E679F /* GameViewController.swift in Sources */ = {isa = PBXBuildFile; fileRef = B0D2BF091D51CF2C003E679F /* GameViewController.swift */; };
		B0D2BF0D1D51CF2C003E679F /* Main.storyboard in Resources */ = {isa = PBXBuildFile; fileRef = B0D2BF0B1D51CF2C003E679F /* Main.storyboard */; };
		B0D2BF0F1D51CF2C003E679F /* Assets.xcassets in Resources */ = {isa = PBXBuildFile; fileRef = B0D2BF0E1D51CF2C003E679F /* Assets.xcassets */; };
		B0D2BF121D51CF2C003E679F /* LaunchScreen.storyboard in Resources */ = {isa = PBXBuildFile; fileRef = B0D2BF101D51CF2C003E679F /* LaunchScreen.storyboard */; };
		B0D2BF1E1D53BFD3003E679F /* zombie1.wav in Resources */ = {isa = PBXBuildFile; fileRef = B0D2BF1D1D53BFD3003E679F /* zombie1.wav */; };
		B0D2BF241D53CC3D003E679F /* dryfire.wav in Resources */ = {isa = PBXBuildFile; fileRef = B0D2BF1F1D53CC3D003E679F /* dryfire.wav */; };
		B0D2BF251D53CC3D003E679F /* ejectmag.wav in Resources */ = {isa = PBXBuildFile; fileRef = B0D2BF201D53CC3D003E679F /* ejectmag.wav */; };
		B0D2BF261D53CC3D003E679F /* loadmag.wav in Resources */ = {isa = PBXBuildFile; fileRef = B0D2BF211D53CC3D003E679F /* loadmag.wav */; };
		B0D2BF271D53CC3D003E679F /* shutgunpump.wav in Resources */ = {isa = PBXBuildFile; fileRef = B0D2BF221D53CC3D003E679F /* shutgunpump.wav */; };
		B0D2BF281D53CC3D003E679F /* sniperchamber.wav in Resources */ = {isa = PBXBuildFile; fileRef = B0D2BF231D53CC3D003E679F /* sniperchamber.wav */; };
		B0D2BF2A1D53CC46003E679F /* gunfire.wav in Resources */ = {isa = PBXBuildFile; fileRef = B0D2BF291D53CC46003E679F /* gunfire.wav */; };
		B0D2BF2C1D53CCC1003E679F /* explode.wav in Resources */ = {isa = PBXBuildFile; fileRef = B0D2BF2B1D53CCC1003E679F /* explode.wav */; };
		B0D2BF2E1D53E541003E679F /* zombie2.wav in Resources */ = {isa = PBXBuildFile; fileRef = B0D2BF2D1D53E541003E679F /* zombie2.wav */; };
		B95B56481D8B6C4700A4F501 /* GoogleService-Info.plist in Resources */ = {isa = PBXBuildFile; fileRef = B95B56471D8B6C4700A4F501 /* GoogleService-Info.plist */; };
		B95ED2F51D8B882C00EC29E1 /* LoginViewController.swift in Sources */ = {isa = PBXBuildFile; fileRef = B95ED2F41D8B882C00EC29E1 /* LoginViewController.swift */; };
		B95ED2F81D8D8C3500EC29E1 /* ScoresViewController.swift in Sources */ = {isa = PBXBuildFile; fileRef = B95ED2F71D8D8C3500EC29E1 /* ScoresViewController.swift */; };
		B979EC041D849B7C00EFDDAA /* NewZombie1.sks in Resources */ = {isa = PBXBuildFile; fileRef = B979EC031D849B7C00EFDDAA /* NewZombie1.sks */; };
		B979EC061D849BAF00EFDDAA /* NewZombie2.sks in Resources */ = {isa = PBXBuildFile; fileRef = B979EC051D849BAF00EFDDAA /* NewZombie2.sks */; };
		B9E5E92F1D8E25B9004613F7 /* share.png in Resources */ = {isa = PBXBuildFile; fileRef = B9E5E92E1D8E25B9004613F7 /* share.png */; };
		B9E5E9311D8E274A004613F7 /* Social.framework in Frameworks */ = {isa = PBXBuildFile; fileRef = B9E5E9301D8E274A004613F7 /* Social.framework */; };
		B9E862171D84ECAA002F0D41 /* Box.sks in Resources */ = {isa = PBXBuildFile; fileRef = B9E862161D84ECAA002F0D41 /* Box.sks */; };
/* End PBXBuildFile section */

/* Begin PBXFileReference section */
		00F50A6F1924828735AADA20 /* Pods-KeiserTony_Proof.release.xcconfig */ = {isa = PBXFileReference; includeInIndex = 1; lastKnownFileType = text.xcconfig; name = "Pods-KeiserTony_Proof.release.xcconfig"; path = "Pods/Target Support Files/Pods-KeiserTony_Proof/Pods-KeiserTony_Proof.release.xcconfig"; sourceTree = "<group>"; };
		682D8D6106C3F196F66906BC /* Pods_KeiserTony_Proof.framework */ = {isa = PBXFileReference; explicitFileType = wrapper.framework; includeInIndex = 0; path = Pods_KeiserTony_Proof.framework; sourceTree = BUILT_PRODUCTS_DIR; };
		AEECF58F962C98319A5ADC7F /* Pods-KeiserTony_Proof.debug.xcconfig */ = {isa = PBXFileReference; includeInIndex = 1; lastKnownFileType = text.xcconfig; name = "Pods-KeiserTony_Proof.debug.xcconfig"; path = "Pods/Target Support Files/Pods-KeiserTony_Proof/Pods-KeiserTony_Proof.debug.xcconfig"; sourceTree = "<group>"; };
		B016336B1D669E9B005C58A6 /* Pause.sks */ = {isa = PBXFileReference; lastKnownFileType = file.sks; path = Pause.sks; sourceTree = "<group>"; };
		B020A0921D6FE15F0080BD14 /* MainMenu.swift */ = {isa = PBXFileReference; fileEncoding = 4; lastKnownFileType = sourcecode.swift; path = MainMenu.swift; sourceTree = "<group>"; };
		B0254A531D67BF9200251CF6 /* zombiedeath.atlasc */ = {isa = PBXFileReference; lastKnownFileType = folder; path = zombiedeath.atlasc; sourceTree = "<group>"; };
		B0254A551D67F4C400251CF6 /* WinLoss.sks */ = {isa = PBXFileReference; lastKnownFileType = file.sks; path = WinLoss.sks; sourceTree = "<group>"; };
		B06E6B8D1D6E8817002B0F74 /* MainMenu.sks */ = {isa = PBXFileReference; lastKnownFileType = file.sks; path = MainMenu.sks; sourceTree = "<group>"; };
		B06E6B8F1D6E8C7C002B0F74 /* Credits.sks */ = {isa = PBXFileReference; lastKnownFileType = file.sks; path = Credits.sks; sourceTree = "<group>"; };
		B06E6B911D6E8CB3002B0F74 /* Howto.sks */ = {isa = PBXFileReference; lastKnownFileType = file.sks; path = Howto.sks; sourceTree = "<group>"; };
		B06E6B931D6E8CE3002B0F74 /* Howto.swift */ = {isa = PBXFileReference; fileEncoding = 4; lastKnownFileType = sourcecode.swift; path = Howto.swift; sourceTree = "<group>"; };
		B06E6B951D6E8CFD002B0F74 /* Credits.swift */ = {isa = PBXFileReference; fileEncoding = 4; lastKnownFileType = sourcecode.swift; path = Credits.swift; sourceTree = "<group>"; };
		B08210E91D5D16690021E7D0 /* pain.wav */ = {isa = PBXFileReference; lastKnownFileType = audio.wav; path = pain.wav; sourceTree = "<group>"; };
		B08210EB1D5D30100021E7D0 /* Bullet.sks */ = {isa = PBXFileReference; lastKnownFileType = file.sks; path = Bullet.sks; sourceTree = "<group>"; };
		B0D2BF001D51CF2A003E679F /* KeiserTony_Proof.app */ = {isa = PBXFileReference; explicitFileType = wrapper.application; includeInIndex = 0; path = KeiserTony_Proof.app; sourceTree = BUILT_PRODUCTS_DIR; };
		B0D2BF031D51CF2B003E679F /* AppDelegate.swift */ = {isa = PBXFileReference; lastKnownFileType = sourcecode.swift; path = AppDelegate.swift; sourceTree = "<group>"; };
		B0D2BF051D51CF2C003E679F /* GameScene.sks */ = {isa = PBXFileReference; lastKnownFileType = file.sks; path = GameScene.sks; sourceTree = "<group>"; };
		B0D2BF071D51CF2C003E679F /* GameScene.swift */ = {isa = PBXFileReference; lastKnownFileType = sourcecode.swift; path = GameScene.swift; sourceTree = "<group>"; };
		B0D2BF091D51CF2C003E679F /* GameViewController.swift */ = {isa = PBXFileReference; lastKnownFileType = sourcecode.swift; path = GameViewController.swift; sourceTree = "<group>"; };
		B0D2BF0C1D51CF2C003E679F /* Base */ = {isa = PBXFileReference; lastKnownFileType = file.storyboard; name = Base; path = Base.lproj/Main.storyboard; sourceTree = "<group>"; };
		B0D2BF0E1D51CF2C003E679F /* Assets.xcassets */ = {isa = PBXFileReference; lastKnownFileType = folder.assetcatalog; path = Assets.xcassets; sourceTree = "<group>"; };
		B0D2BF111D51CF2C003E679F /* Base */ = {isa = PBXFileReference; lastKnownFileType = file.storyboard; name = Base; path = Base.lproj/LaunchScreen.storyboard; sourceTree = "<group>"; };
		B0D2BF131D51CF2C003E679F /* Info.plist */ = {isa = PBXFileReference; lastKnownFileType = text.plist.xml; path = Info.plist; sourceTree = "<group>"; };
		B0D2BF1D1D53BFD3003E679F /* zombie1.wav */ = {isa = PBXFileReference; lastKnownFileType = audio.wav; path = zombie1.wav; sourceTree = "<group>"; };
		B0D2BF1F1D53CC3D003E679F /* dryfire.wav */ = {isa = PBXFileReference; lastKnownFileType = audio.wav; path = dryfire.wav; sourceTree = "<group>"; };
		B0D2BF201D53CC3D003E679F /* ejectmag.wav */ = {isa = PBXFileReference; lastKnownFileType = audio.wav; path = ejectmag.wav; sourceTree = "<group>"; };
		B0D2BF211D53CC3D003E679F /* loadmag.wav */ = {isa = PBXFileReference; lastKnownFileType = audio.wav; path = loadmag.wav; sourceTree = "<group>"; };
		B0D2BF221D53CC3D003E679F /* shutgunpump.wav */ = {isa = PBXFileReference; lastKnownFileType = audio.wav; path = shutgunpump.wav; sourceTree = "<group>"; };
		B0D2BF231D53CC3D003E679F /* sniperchamber.wav */ = {isa = PBXFileReference; lastKnownFileType = audio.wav; path = sniperchamber.wav; sourceTree = "<group>"; };
		B0D2BF291D53CC46003E679F /* gunfire.wav */ = {isa = PBXFileReference; lastKnownFileType = audio.wav; path = gunfire.wav; sourceTree = "<group>"; };
		B0D2BF2B1D53CCC1003E679F /* explode.wav */ = {isa = PBXFileReference; lastKnownFileType = audio.wav; path = explode.wav; sourceTree = "<group>"; };
		B0D2BF2D1D53E541003E679F /* zombie2.wav */ = {isa = PBXFileReference; lastKnownFileType = audio.wav; path = zombie2.wav; sourceTree = "<group>"; };
		B95B56471D8B6C4700A4F501 /* GoogleService-Info.plist */ = {isa = PBXFileReference; fileEncoding = 4; lastKnownFileType = text.plist.xml; path = "GoogleService-Info.plist"; sourceTree = "<group>"; };
		B95ED2F41D8B882C00EC29E1 /* LoginViewController.swift */ = {isa = PBXFileReference; fileEncoding = 4; lastKnownFileType = sourcecode.swift; path = LoginViewController.swift; sourceTree = "<group>"; };
		B95ED2F71D8D8C3500EC29E1 /* ScoresViewController.swift */ = {isa = PBXFileReference; fileEncoding = 4; lastKnownFileType = sourcecode.swift; path = ScoresViewController.swift; sourceTree = "<group>"; };
		B979EC031D849B7C00EFDDAA /* NewZombie1.sks */ = {isa = PBXFileReference; lastKnownFileType = file.sks; path = NewZombie1.sks; sourceTree = "<group>"; };
		B979EC051D849BAF00EFDDAA /* NewZombie2.sks */ = {isa = PBXFileReference; lastKnownFileType = file.sks; path = NewZombie2.sks; sourceTree = "<group>"; };
		B9E5E92E1D8E25B9004613F7 /* share.png */ = {isa = PBXFileReference; lastKnownFileType = image.png; path = share.png; sourceTree = "<group>"; };
		B9E5E9301D8E274A004613F7 /* Social.framework */ = {isa = PBXFileReference; lastKnownFileType = wrapper.framework; name = Social.framework; path = System/Library/Frameworks/Social.framework; sourceTree = SDKROOT; };
		B9E862161D84ECAA002F0D41 /* Box.sks */ = {isa = PBXFileReference; lastKnownFileType = file.sks; path = Box.sks; sourceTree = "<group>"; };
/* End PBXFileReference section */

/* Begin PBXFrameworksBuildPhase section */
		B0D2BEFD1D51CF2A003E679F /* Frameworks */ = {
			isa = PBXFrameworksBuildPhase;
			buildActionMask = 2147483647;
			files = (
				B9E5E9311D8E274A004613F7 /* Social.framework in Frameworks */,
				A0AA2DF91527CF25F42B3080 /* Pods_KeiserTony_Proof.framework in Frameworks */,
			);
			runOnlyForDeploymentPostprocessing = 0;
		};
/* End PBXFrameworksBuildPhase section */

/* Begin PBXGroup section */
		3EC337FEEDEB3B7933DE8783 /* Frameworks */ = {
			isa = PBXGroup;
			children = (
				B9E5E9301D8E274A004613F7 /* Social.framework */,
				682D8D6106C3F196F66906BC /* Pods_KeiserTony_Proof.framework */,
			);
			name = Frameworks;
			sourceTree = "<group>";
		};
		B0254A571D67F96600251CF6 /* Scenes */ = {
			isa = PBXGroup;
			children = (
				B0D2BF051D51CF2C003E679F /* GameScene.sks */,
				B08210EB1D5D30100021E7D0 /* Bullet.sks */,
				B9E862161D84ECAA002F0D41 /* Box.sks */,
				B979EC051D849BAF00EFDDAA /* NewZombie2.sks */,
				B06E6B8D1D6E8817002B0F74 /* MainMenu.sks */,
				B979EC031D849B7C00EFDDAA /* NewZombie1.sks */,
				B06E6B8F1D6E8C7C002B0F74 /* Credits.sks */,
				B06E6B911D6E8CB3002B0F74 /* Howto.sks */,
				B016336B1D669E9B005C58A6 /* Pause.sks */,
				B0254A551D67F4C400251CF6 /* WinLoss.sks */,
			);
			name = Scenes;
			sourceTree = "<group>";
		};
		B0D2BEF71D51CF29003E679F = {
			isa = PBXGroup;
			children = (
				B0D2BF021D51CF2B003E679F /* KeiserTony_Proof */,
				B0D2BF011D51CF2A003E679F /* Products */,
				B8BEF091077ED63467403B93 /* Pods */,
				3EC337FEEDEB3B7933DE8783 /* Frameworks */,
			);
			sourceTree = "<group>";
		};
		B0D2BF011D51CF2A003E679F /* Products */ = {
			isa = PBXGroup;
			children = (
				B0D2BF001D51CF2A003E679F /* KeiserTony_Proof.app */,
			);
			name = Products;
			sourceTree = "<group>";
		};
		B0D2BF021D51CF2B003E679F /* KeiserTony_Proof */ = {
			isa = PBXGroup;
			children = (
				B0D2BF031D51CF2B003E679F /* AppDelegate.swift */,
				B0254A571D67F96600251CF6 /* Scenes */,
				B020A0921D6FE15F0080BD14 /* MainMenu.swift */,
				B06E6B951D6E8CFD002B0F74 /* Credits.swift */,
				B06E6B931D6E8CE3002B0F74 /* Howto.swift */,
				B0D2BF071D51CF2C003E679F /* GameScene.swift */,
				B95ED2F41D8B882C00EC29E1 /* LoginViewController.swift */,
				B95ED2F71D8D8C3500EC29E1 /* ScoresViewController.swift */,
				B0D2BF091D51CF2C003E679F /* GameViewController.swift */,
				B9E5E92E1D8E25B9004613F7 /* share.png */,
				B0D2BF1A1D53034A003E679F /* Sounds */,
				B0D2BF0B1D51CF2C003E679F /* Main.storyboard */,
				B0254A531D67BF9200251CF6 /* zombiedeath.atlasc */,
				B0D2BF0E1D51CF2C003E679F /* Assets.xcassets */,
				B0D2BF101D51CF2C003E679F /* LaunchScreen.storyboard */,
				B95B56471D8B6C4700A4F501 /* GoogleService-Info.plist */,
				B0D2BF131D51CF2C003E679F /* Info.plist */,
			);
			path = KeiserTony_Proof;
			sourceTree = "<group>";
		};
		B0D2BF1A1D53034A003E679F /* Sounds */ = {
			isa = PBXGroup;
			children = (
				B08210E91D5D16690021E7D0 /* pain.wav */,
				B0D2BF2B1D53CCC1003E679F /* explode.wav */,
				B0D2BF291D53CC46003E679F /* gunfire.wav */,
				B0D2BF1F1D53CC3D003E679F /* dryfire.wav */,
				B0D2BF201D53CC3D003E679F /* ejectmag.wav */,
				B0D2BF211D53CC3D003E679F /* loadmag.wav */,
				B0D2BF221D53CC3D003E679F /* shutgunpump.wav */,
				B0D2BF231D53CC3D003E679F /* sniperchamber.wav */,
				B0D2BF2D1D53E541003E679F /* zombie2.wav */,
				B0D2BF1D1D53BFD3003E679F /* zombie1.wav */,
			);
			name = Sounds;
			sourceTree = "<group>";
		};
		B8BEF091077ED63467403B93 /* Pods */ = {
			isa = PBXGroup;
			children = (
				AEECF58F962C98319A5ADC7F /* Pods-KeiserTony_Proof.debug.xcconfig */,
				00F50A6F1924828735AADA20 /* Pods-KeiserTony_Proof.release.xcconfig */,
			);
			name = Pods;
			sourceTree = "<group>";
		};
/* End PBXGroup section */

/* Begin PBXNativeTarget section */
		B0D2BEFF1D51CF2A003E679F /* KeiserTony_Proof */ = {
			isa = PBXNativeTarget;
			buildConfigurationList = B0D2BF161D51CF2C003E679F /* Build configuration list for PBXNativeTarget "KeiserTony_Proof" */;
			buildPhases = (
				53E46B0B32F277219326AF90 /* [CP] Check Pods Manifest.lock */,
				B0D2BEFC1D51CF2A003E679F /* Sources */,
				B0D2BEFD1D51CF2A003E679F /* Frameworks */,
				B0D2BEFE1D51CF2A003E679F /* Resources */,
				B81718F85C51C5F92AB38CFE /* [CP] Embed Pods Frameworks */,
				37C199463CCCEFAD549A6EB0 /* [CP] Copy Pods Resources */,
			);
			buildRules = (
			);
			dependencies = (
			);
			name = KeiserTony_Proof;
			productName = KeiserTony_Proof;
			productReference = B0D2BF001D51CF2A003E679F /* KeiserTony_Proof.app */;
			productType = "com.apple.product-type.application";
		};
/* End PBXNativeTarget section */

/* Begin PBXProject section */
		B0D2BEF81D51CF29003E679F /* Project object */ = {
			isa = PBXProject;
			attributes = {
				LastSwiftUpdateCheck = 0730;
				LastUpgradeCheck = 0730;
				ORGANIZATIONNAME = "sandbäks";
				TargetAttributes = {
					B0D2BEFF1D51CF2A003E679F = {
						CreatedOnToolsVersion = 7.3.1;
						DevelopmentTeam = SSZA2FVX6P;
					};
				};
			};
			buildConfigurationList = B0D2BEFB1D51CF2A003E679F /* Build configuration list for PBXProject "KeiserTony_Proof" */;
			compatibilityVersion = "Xcode 3.2";
			developmentRegion = English;
			hasScannedForEncodings = 0;
			knownRegions = (
				en,
				Base,
			);
			mainGroup = B0D2BEF71D51CF29003E679F;
			productRefGroup = B0D2BF011D51CF2A003E679F /* Products */;
			projectDirPath = "";
			projectRoot = "";
			targets = (
				B0D2BEFF1D51CF2A003E679F /* KeiserTony_Proof */,
			);
		};
/* End PBXProject section */

/* Begin PBXResourcesBuildPhase section */
		B0D2BEFE1D51CF2A003E679F /* Resources */ = {
			isa = PBXResourcesBuildPhase;
			buildActionMask = 2147483647;
			files = (
				B08210EA1D5D16690021E7D0 /* pain.wav in Resources */,
				B979EC041D849B7C00EFDDAA /* NewZombie1.sks in Resources */,
				B95B56481D8B6C4700A4F501 /* GoogleService-Info.plist in Resources */,
				B979EC061D849BAF00EFDDAA /* NewZombie2.sks in Resources */,
				B0D2BF251D53CC3D003E679F /* ejectmag.wav in Resources */,
				B0D2BF061D51CF2C003E679F /* GameScene.sks in Resources */,
				B0D2BF121D51CF2C003E679F /* LaunchScreen.storyboard in Resources */,
				B0D2BF281D53CC3D003E679F /* sniperchamber.wav in Resources */,
				B0D2BF0F1D51CF2C003E679F /* Assets.xcassets in Resources */,
				B016336C1D669E9C005C58A6 /* Pause.sks in Resources */,
				B0D2BF1E1D53BFD3003E679F /* zombie1.wav in Resources */,
				B0D2BF0D1D51CF2C003E679F /* Main.storyboard in Resources */,
				B0254A541D67BF9200251CF6 /* zombiedeath.atlasc in Resources */,
				B0D2BF2A1D53CC46003E679F /* gunfire.wav in Resources */,
				B0254A561D67F4C400251CF6 /* WinLoss.sks in Resources */,
				B0D2BF2C1D53CCC1003E679F /* explode.wav in Resources */,
				B9E862171D84ECAA002F0D41 /* Box.sks in Resources */,
				B06E6B8E1D6E8817002B0F74 /* MainMenu.sks in Resources */,
				B08210EC1D5D30100021E7D0 /* Bullet.sks in Resources */,
				B9E5E92F1D8E25B9004613F7 /* share.png in Resources */,
				B0D2BF261D53CC3D003E679F /* loadmag.wav in Resources */,
				B06E6B901D6E8C7C002B0F74 /* Credits.sks in Resources */,
				B06E6B921D6E8CB3002B0F74 /* Howto.sks in Resources */,
				B0D2BF2E1D53E541003E679F /* zombie2.wav in Resources */,
				B0D2BF241D53CC3D003E679F /* dryfire.wav in Resources */,
				B0D2BF271D53CC3D003E679F /* shutgunpump.wav in Resources */,
			);
			runOnlyForDeploymentPostprocessing = 0;
		};
/* End PBXResourcesBuildPhase section */

/* Begin PBXShellScriptBuildPhase section */
		37C199463CCCEFAD549A6EB0 /* [CP] Copy Pods Resources */ = {
			isa = PBXShellScriptBuildPhase;
			buildActionMask = 2147483647;
			files = (
			);
			inputPaths = (
			);
			name = "[CP] Copy Pods Resources";
			outputPaths = (
			);
			runOnlyForDeploymentPostprocessing = 0;
			shellPath = /bin/sh;
			shellScript = "\"${SRCROOT}/Pods/Target Support Files/Pods-KeiserTony_Proof/Pods-KeiserTony_Proof-resources.sh\"\n";
			showEnvVarsInLog = 0;
		};
		53E46B0B32F277219326AF90 /* [CP] Check Pods Manifest.lock */ = {
			isa = PBXShellScriptBuildPhase;
			buildActionMask = 2147483647;
			files = (
			);
			inputPaths = (
			);
			name = "[CP] Check Pods Manifest.lock";
			outputPaths = (
			);
			runOnlyForDeploymentPostprocessing = 0;
			shellPath = /bin/sh;
			shellScript = "diff \"${PODS_ROOT}/../Podfile.lock\" \"${PODS_ROOT}/Manifest.lock\" > /dev/null\nif [[ $? != 0 ]] ; then\n    cat << EOM\nerror: The sandbox is not in sync with the Podfile.lock. Run 'pod install' or update your CocoaPods installation.\nEOM\n    exit 1\nfi\n";
			showEnvVarsInLog = 0;
		};
		B81718F85C51C5F92AB38CFE /* [CP] Embed Pods Frameworks */ = {
			isa = PBXShellScriptBuildPhase;
			buildActionMask = 2147483647;
			files = (
			);
			inputPaths = (
			);
			name = "[CP] Embed Pods Frameworks";
			outputPaths = (
			);
			runOnlyForDeploymentPostprocessing = 0;
			shellPath = /bin/sh;
			shellScript = "\"${SRCROOT}/Pods/Target Support Files/Pods-KeiserTony_Proof/Pods-KeiserTony_Proof-frameworks.sh\"\n";
			showEnvVarsInLog = 0;
		};
/* End PBXShellScriptBuildPhase section */

/* Begin PBXSourcesBuildPhase section */
		B0D2BEFC1D51CF2A003E679F /* Sources */ = {
			isa = PBXSourcesBuildPhase;
			buildActionMask = 2147483647;
			files = (
				B95ED2F51D8B882C00EC29E1 /* LoginViewController.swift in Sources */,
				B0D2BF081D51CF2C003E679F /* GameScene.swift in Sources */,
				B0D2BF0A1D51CF2C003E679F /* GameViewController.swift in Sources */,
				B95ED2F81D8D8C3500EC29E1 /* ScoresViewController.swift in Sources */,
				B020A0931D6FE15F0080BD14 /* MainMenu.swift in Sources */,
				B06E6B941D6E8CE3002B0F74 /* Howto.swift in Sources */,
				B0D2BF041D51CF2B003E679F /* AppDelegate.swift in Sources */,
				B06E6B961D6E8CFD002B0F74 /* Credits.swift in Sources */,
			);
			runOnlyForDeploymentPostprocessing = 0;
		};
/* End PBXSourcesBuildPhase section */

/* Begin PBXVariantGroup section */
		B0D2BF0B1D51CF2C003E679F /* Main.storyboard */ = {
			isa = PBXVariantGroup;
			children = (
				B0D2BF0C1D51CF2C003E679F /* Base */,
			);
			name = Main.storyboard;
			sourceTree = "<group>";
		};
		B0D2BF101D51CF2C003E679F /* LaunchScreen.storyboard */ = {
			isa = PBXVariantGroup;
			children = (
				B0D2BF111D51CF2C003E679F /* Base */,
			);
			name = LaunchScreen.storyboard;
			sourceTree = "<group>";
		};
/* End PBXVariantGroup section */

/* Begin XCBuildConfiguration section */
		B0D2BF141D51CF2C003E679F /* Debug */ = {
			isa = XCBuildConfiguration;
			buildSettings = {
				ALWAYS_SEARCH_USER_PATHS = NO;
				CLANG_ANALYZER_NONNULL = YES;
				CLANG_CXX_LANGUAGE_STANDARD = "gnu++0x";
				CLANG_CXX_LIBRARY = "libc++";
				CLANG_ENABLE_MODULES = YES;
				CLANG_ENABLE_OBJC_ARC = YES;
				CLANG_WARN_BOOL_CONVERSION = YES;
				CLANG_WARN_CONSTANT_CONVERSION = YES;
				CLANG_WARN_DIRECT_OBJC_ISA_USAGE = YES_ERROR;
				CLANG_WARN_EMPTY_BODY = YES;
				CLANG_WARN_ENUM_CONVERSION = YES;
				CLANG_WARN_INT_CONVERSION = YES;
				CLANG_WARN_OBJC_ROOT_CLASS = YES_ERROR;
				CLANG_WARN_UNREACHABLE_CODE = YES;
				CLANG_WARN__DUPLICATE_METHOD_MATCH = YES;
				"CODE_SIGN_IDENTITY[sdk=iphoneos*]" = "iPhone Developer";
				COPY_PHASE_STRIP = NO;
				DEBUG_INFORMATION_FORMAT = "dwarf-with-dsym";
				ENABLE_STRICT_OBJC_MSGSEND = YES;
				ENABLE_TESTABILITY = YES;
				GCC_C_LANGUAGE_STANDARD = gnu99;
				GCC_DYNAMIC_NO_PIC = NO;
				GCC_NO_COMMON_BLOCKS = YES;
				GCC_OPTIMIZATION_LEVEL = 0;
				GCC_PREPROCESSOR_DEFINITIONS = (
					"DEBUG=1",
					"$(inherited)",
				);
				GCC_WARN_64_TO_32_BIT_CONVERSION = YES;
				GCC_WARN_ABOUT_RETURN_TYPE = YES_ERROR;
				GCC_WARN_UNDECLARED_SELECTOR = YES;
				GCC_WARN_UNINITIALIZED_AUTOS = YES_AGGRESSIVE;
				GCC_WARN_UNUSED_FUNCTION = YES;
				GCC_WARN_UNUSED_VARIABLE = YES;
				IPHONEOS_DEPLOYMENT_TARGET = 9.3;
				MTL_ENABLE_DEBUG_INFO = YES;
				ONLY_ACTIVE_ARCH = YES;
				SDKROOT = iphoneos;
				SWIFT_OPTIMIZATION_LEVEL = "-Onone";
			};
			name = Debug;
		};
		B0D2BF151D51CF2C003E679F /* Release */ = {
			isa = XCBuildConfiguration;
			buildSettings = {
				ALWAYS_SEARCH_USER_PATHS = NO;
				CLANG_ANALYZER_NONNULL = YES;
				CLANG_CXX_LANGUAGE_STANDARD = "gnu++0x";
				CLANG_CXX_LIBRARY = "libc++";
				CLANG_ENABLE_MODULES = YES;
				CLANG_ENABLE_OBJC_ARC = YES;
				CLANG_WARN_BOOL_CONVERSION = YES;
				CLANG_WARN_CONSTANT_CONVERSION = YES;
				CLANG_WARN_DIRECT_OBJC_ISA_USAGE = YES_ERROR;
				CLANG_WARN_EMPTY_BODY = YES;
				CLANG_WARN_ENUM_CONVERSION = YES;
				CLANG_WARN_INT_CONVERSION = YES;
				CLANG_WARN_OBJC_ROOT_CLASS = YES_ERROR;
				CLANG_WARN_UNREACHABLE_CODE = YES;
				CLANG_WARN__DUPLICATE_METHOD_MATCH = YES;
				"CODE_SIGN_IDENTITY[sdk=iphoneos*]" = "iPhone Developer";
				COPY_PHASE_STRIP = NO;
				DEBUG_INFORMATION_FORMAT = "dwarf-with-dsym";
				ENABLE_NS_ASSERTIONS = NO;
				ENABLE_STRICT_OBJC_MSGSEND = YES;
				GCC_C_LANGUAGE_STANDARD = gnu99;
				GCC_NO_COMMON_BLOCKS = YES;
				GCC_WARN_64_TO_32_BIT_CONVERSION = YES;
				GCC_WARN_ABOUT_RETURN_TYPE = YES_ERROR;
				GCC_WARN_UNDECLARED_SELECTOR = YES;
				GCC_WARN_UNINITIALIZED_AUTOS = YES_AGGRESSIVE;
				GCC_WARN_UNUSED_FUNCTION = YES;
				GCC_WARN_UNUSED_VARIABLE = YES;
				IPHONEOS_DEPLOYMENT_TARGET = 9.3;
				MTL_ENABLE_DEBUG_INFO = NO;
				SDKROOT = iphoneos;
				VALIDATE_PRODUCT = YES;
			};
			name = Release;
		};
		B0D2BF171D51CF2C003E679F /* Debug */ = {
			isa = XCBuildConfiguration;
			baseConfigurationReference = AEECF58F962C98319A5ADC7F /* Pods-KeiserTony_Proof.debug.xcconfig */;
			buildSettings = {
				ASSETCATALOG_COMPILER_APPICON_NAME = AppIcon;
				CODE_SIGN_IDENTITY = "iPhone Developer";
				"CODE_SIGN_IDENTITY[sdk=iphoneos*]" = "iPhone Developer";
				INFOPLIST_FILE = KeiserTony_Proof/Info.plist;
				LD_RUNPATH_SEARCH_PATHS = "$(inherited) @executable_path/Frameworks";
				PRODUCT_BUNDLE_IDENTIFIER = "com.sandbaks.KeiserTony-Proof";
				PRODUCT_NAME = "$(TARGET_NAME)";
				PROVISIONING_PROFILE = "";
				TARGETED_DEVICE_FAMILY = "1,2";
			};
			name = Debug;
		};
		B0D2BF181D51CF2C003E679F /* Release */ = {
			isa = XCBuildConfiguration;
			baseConfigurationReference = 00F50A6F1924828735AADA20 /* Pods-KeiserTony_Proof.release.xcconfig */;
			buildSettings = {
				ASSETCATALOG_COMPILER_APPICON_NAME = AppIcon;
				CODE_SIGN_IDENTITY = "iPhone Developer";
				"CODE_SIGN_IDENTITY[sdk=iphoneos*]" = "iPhone Developer";
				INFOPLIST_FILE = KeiserTony_Proof/Info.plist;
				LD_RUNPATH_SEARCH_PATHS = "$(inherited) @executable_path/Frameworks";
				PRODUCT_BUNDLE_IDENTIFIER = "com.sandbaks.KeiserTony-Proof";
				PRODUCT_NAME = "$(TARGET_NAME)";
				PROVISIONING_PROFILE = "";
				TARGETED_DEVICE_FAMILY = "1,2";
			};
			name = Release;
		};
/* End XCBuildConfiguration section */

/* Begin XCConfigurationList section */
		B0D2BEFB1D51CF2A003E679F /* Build configuration list for PBXProject "KeiserTony_Proof" */ = {
			isa = XCConfigurationList;
			buildConfigurations = (
				B0D2BF141D51CF2C003E679F /* Debug */,
				B0D2BF151D51CF2C003E679F /* Release */,
			);
			defaultConfigurationIsVisible = 0;
			defaultConfigurationName = Release;
		};
		B0D2BF161D51CF2C003E679F /* Build configuration list for PBXNativeTarget "KeiserTony_Proof" */ = {
			isa = XCConfigurationList;
			buildConfigurations = (
				B0D2BF171D51CF2C003E679F /* Debug */,
				B0D2BF181D51CF2C003E679F /* Release */,
			);
			defaultConfigurationIsVisible = 0;
			defaultConfigurationName = Release;
		};
/* End XCConfigurationList section */
	};
	rootObject = B0D2BEF81D51CF29003E679F /* Project object */;
}
